
Microsoft Visual Studio Solution File, Format Version 12.00
# Visual Studio Version 17
VisualStudioVersion = 17.4.33403.182
MinimumVisualStudioVersion = 10.0.40219.1
Project("{9A19103F-16F7-4668-BE54-9A1E7A4F7556}") = "api", "api\api.csproj", "{A17E6050-97EA-41AE-8447-F1ECAAE44872}"
EndProject
Project("{9A19103F-16F7-4668-BE54-9A1E7A4F7556}") = "client", "client\client.csproj", "{5F61F8FD-C8AF-4FC2-89F5-840F928CAE3C}"
EndProject
Global
	GlobalSection(SolutionConfigurationPlatforms) = preSolution
		Debug|Any CPU = Debug|Any CPU
		Release|Any CPU = Release|Any CPU
	EndGlobalSection
	GlobalSection(ProjectConfigurationPlatforms) = postSolution
		{A17E6050-97EA-41AE-8447-F1ECAAE44872}.Debug|Any CPU.ActiveCfg = Debug|Any CPU
		{A17E6050-97EA-41AE-8447-F1ECAAE44872}.Debug|Any CPU.Build.0 = Debug|Any CPU
		{A17E6050-97EA-41AE-8447-F1ECAAE44872}.Release|Any CPU.ActiveCfg = Release|Any CPU
		{A17E6050-97EA-41AE-8447-F1ECAAE44872}.Release|Any CPU.Build.0 = Release|Any CPU
		{5F61F8FD-C8AF-4FC2-89F5-840F928CAE3C}.Debug|Any CPU.ActiveCfg = Debug|Any CPU
		{5F61F8FD-C8AF-4FC2-89F5-840F928CAE3C}.Debug|Any CPU.Build.0 = Debug|Any CPU
		{5F61F8FD-C8AF-4FC2-89F5-840F928CAE3C}.Release|Any CPU.ActiveCfg = Release|Any CPU
		{5F61F8FD-C8AF-4FC2-89F5-840F928CAE3C}.Release|Any CPU.Build.0 = Release|Any CPU
	EndGlobalSection
	GlobalSection(SolutionProperties) = preSolution
		HideSolutionNode = FALSE
	EndGlobalSection
	GlobalSection(ExtensibilityGlobals) = postSolution
		SolutionGuid = {6D3E5B4F-7A38-4A09-9472-ED9BF154C453}
	EndGlobalSection
EndGlobal
